
Microsoft Visual Studio Solution File, Format Version 12.00
# Visual Studio Version 16
VisualStudioVersion = 16.0.30611.23
MinimumVisualStudioVersion = 10.0.40219.1
Project("{FAE04EC0-301F-11D3-BF4B-00C04F79EFBC}") = "WebApplication14", "WebApplication14\WebApplication14.csproj", "{6BEE4C9F-33B5-4B0D-ACE5-D5EFFAFEEB31}"
EndProject
Global
	GlobalSection(SolutionConfigurationPlatforms) = preSolution
		Debug|Any CPU = Debug|Any CPU
		Release|Any CPU = Release|Any CPU
	EndGlobalSection
	GlobalSection(ProjectConfigurationPlatforms) = postSolution
		{6BEE4C9F-33B5-4B0D-ACE5-D5EFFAFEEB31}.Debug|Any CPU.ActiveCfg = Debug|Any CPU
		{6BEE4C9F-33B5-4B0D-ACE5-D5EFFAFEEB31}.Debug|Any CPU.Build.0 = Debug|Any CPU
		{6BEE4C9F-33B5-4B0D-ACE5-D5EFFAFEEB31}.Release|Any CPU.ActiveCfg = Release|Any CPU
		{6BEE4C9F-33B5-4B0D-ACE5-D5EFFAFEEB31}.Release|Any CPU.Build.0 = Release|Any CPU
	EndGlobalSection
	GlobalSection(SolutionProperties) = preSolution
		HideSolutionNode = FALSE
	EndGlobalSection
	GlobalSection(ExtensibilityGlobals) = postSolution
		SolutionGuid = {B67F5F15-5FC2-4DCA-A530-7F2230314F41}
	EndGlobalSection
EndGlobal
